{
  "version": 4,
  "terraform_version": "1.2.4",
  "serial": 19,
  "lineage": "5a0ef72c-8145-9f7f-62b8-378f41d58ae1",
  "outputs": {},
  "resources": [
    {
      "mode": "data",
      "type": "archive_file",
      "name": "zip_the_python_code",
      "provider": "provider[\"registry.terraform.io/hashicorp/archive\"]",
      "instances": [
        {
          "schema_version": 0,
          "attributes": {
            "excludes": null,
            "id": "fe829c8af4cf4867b7416b8be2fe595ceea43e1f",
            "output_base64sha256": "q2wyQGB88BDQzxdjd87Yqi/F97r14lBq/oLUSmNaMUA=",
            "output_file_mode": null,
            "output_md5": "3aec3035e841e90f06fe19ca15164a00",
            "output_path": "./aws-lambda-poc.zip",
            "output_sha": "fe829c8af4cf4867b7416b8be2fe595ceea43e1f",
            "output_size": 620,
            "source": [],
            "source_content": null,
            "source_content_filename": null,
            "source_dir": "./aws-lambda-poc/function",
            "source_file": null,
            "type": "zip"
          },
          "sensitive_attributes": []
        }
      ]
    },
    {
      "mode": "data",
      "type": "archive_file",
      "name": "zip_the_python_modules",
      "provider": "provider[\"registry.terraform.io/hashicorp/archive\"]",
      "instances": [
        {
          "schema_version": 0,
          "attributes": {
            "excludes": null,
            "id": "69ecaf117f0d52ded80607aeb2fa5bc69b729e59",
            "output_base64sha256": "EM5HhzEfJf1aWY9IMYCiFuLc8k+MKxVESvtB9TtTd8g=",
            "output_file_mode": null,
            "output_md5": "7f27f7eae27ae5f64964c769a914a163",
            "output_path": "./aws-lambda-poc-modules.zip",
            "output_sha": "69ecaf117f0d52ded80607aeb2fa5bc69b729e59",
            "output_size": 11884056,
            "source": [],
            "source_content": null,
            "source_content_filename": null,
            "source_dir": "./layer/",
            "source_file": null,
            "type": "zip"
          },
          "sensitive_attributes": []
        }
      ]
    },
    {
      "mode": "managed",
      "type": "aws_iam_policy",
      "name": "iam_policy_for_lambda",
      "provider": "provider[\"registry.terraform.io/hashicorp/aws\"]",
      "instances": [
        {
          "schema_version": 0,
          "attributes": {
            "arn": "arn:aws:iam::455015786856:policy/DBasS_Test_Lambda_Function_Policy1",
            "description": "AWS IAM Policy for managing aws lambda role",
            "id": "arn:aws:iam::455015786856:policy/DBasS_Test_Lambda_Function_Policy1",
            "name": "DBasS_Test_Lambda_Function_Policy1",
            "name_prefix": null,
            "path": "/",
            "policy": "{\"Statement\":[{\"Action\":[\"logs:CreateLogGroup\",\"logs:CreateLogStream\",\"logs:PutLogEvents\"],\"Effect\":\"Allow\",\"Resource\":\"arn:aws:logs:*:*:*\"}],\"Version\":\"2012-10-17\"}",
            "policy_id": "ANPAWT4IN5FUPETK2FHMK",
            "tags": null,
            "tags_all": {}
          },
          "sensitive_attributes": [],
          "private": "bnVsbA=="
        }
      ]
    },
    {
      "mode": "managed",
      "type": "aws_iam_role",
      "name": "lambda_role",
      "provider": "provider[\"registry.terraform.io/hashicorp/aws\"]",
      "instances": [
        {
          "schema_version": 0,
          "attributes": {
            "arn": "arn:aws:iam::455015786856:role/DBasS_Test_Lambda_Function_Role",
            "assume_role_policy": "{\"Version\":\"2012-10-17\",\"Statement\":[{\"Sid\":\"\",\"Effect\":\"Allow\",\"Principal\":{\"Service\":\"lambda.amazonaws.com\"},\"Action\":\"sts:AssumeRole\"}]}",
            "create_date": "2022-07-12T13:38:58Z",
            "description": "",
            "force_detach_policies": false,
            "id": "DBasS_Test_Lambda_Function_Role",
            "inline_policy": [
              {
                "name": "",
                "policy": ""
              }
            ],
            "managed_policy_arns": [],
            "max_session_duration": 3600,
            "name": "DBasS_Test_Lambda_Function_Role",
            "name_prefix": "",
            "path": "/",
            "permissions_boundary": null,
            "tags": {},
            "tags_all": {},
            "unique_id": "AROAWT4IN5FUIVMS7VIJR"
          },
          "sensitive_attributes": [],
          "private": "bnVsbA=="
        }
      ]
    },
    {
      "mode": "managed",
      "type": "aws_iam_role_policy_attachment",
      "name": "attach_iam_policy_to_iam_role",
      "provider": "provider[\"registry.terraform.io/hashicorp/aws\"]",
      "instances": [
        {
          "schema_version": 0,
          "attributes": {
            "id": "DBasS_Test_Lambda_Function_Role-20220712134559693000000001",
            "policy_arn": "arn:aws:iam::455015786856:policy/DBasS_Test_Lambda_Function_Policy1",
            "role": "DBasS_Test_Lambda_Function_Role"
          },
          "sensitive_attributes": [],
          "private": "bnVsbA==",
          "dependencies": [
            "aws_iam_policy.iam_policy_for_lambda",
            "aws_iam_role.lambda_role"
          ]
        }
      ]
    },
    {
      "mode": "managed",
      "type": "aws_lambda_function",
      "name": "terraform_lambda_func",
      "provider": "provider[\"registry.terraform.io/hashicorp/aws\"]",
      "instances": [
        {
          "schema_version": 0,
          "attributes": {
            "architectures": [
              "x86_64"
            ],
            "arn": "arn:aws:lambda:us-east-1:455015786856:function:aws_lambda_poc",
            "code_signing_config_arn": "",
            "dead_letter_config": [],
            "description": "",
            "environment": [],
            "ephemeral_storage": [
              {
                "size": 512
              }
            ],
            "file_system_config": [],
            "filename": "./aws-lambda-poc.zip",
            "function_name": "aws_lambda_poc",
            "handler": "lambda_function.lambda_handler",
            "id": "aws_lambda_poc",
            "image_config": [],
            "image_uri": "",
            "invoke_arn": "arn:aws:apigateway:us-east-1:lambda:path/2015-03-31/functions/arn:aws:lambda:us-east-1:455015786856:function:aws_lambda_poc/invocations",
            "kms_key_arn": "",
            "last_modified": "2022-07-12T13:47:08.146+0000",
            "layers": [
              "arn:aws:lambda:us-east-1:455015786856:layer:aws_lambda_poc_lambda_layer:3"
            ],
            "memory_size": 128,
            "package_type": "Zip",
            "publish": false,
            "qualified_arn": "arn:aws:lambda:us-east-1:455015786856:function:aws_lambda_poc:$LATEST",
            "reserved_concurrent_executions": -1,
            "role": "arn:aws:iam::455015786856:role/DBasS_Test_Lambda_Function_Role",
            "runtime": "python3.8",
            "s3_bucket": null,
            "s3_key": null,
            "s3_object_version": null,
            "signing_job_arn": "",
            "signing_profile_version_arn": "",
            "source_code_hash": "q2wyQGB88BDQzxdjd87Yqi/F97r14lBq/oLUSmNaMUA=",
            "source_code_size": 620,
            "tags": null,
            "tags_all": {},
            "timeout": 3,
            "timeouts": null,
            "tracing_config": [
              {
                "mode": "PassThrough"
              }
            ],
            "version": "$LATEST",
            "vpc_config": []
          },
          "sensitive_attributes": [],
          "private": "eyJlMmJmYjczMC1lY2FhLTExZTYtOGY4OC0zNDM2M2JjN2M0YzAiOnsiY3JlYXRlIjo2MDAwMDAwMDAwMDB9fQ==",
          "dependencies": [
            "aws_iam_policy.iam_policy_for_lambda",
            "aws_iam_role.lambda_role",
            "aws_iam_role_policy_attachment.attach_iam_policy_to_iam_role",
            "aws_lambda_layer_version.lambda_layer",
            "data.archive_file.zip_the_python_modules"
          ]
        }
      ]
    },
    {
      "mode": "managed",
      "type": "aws_lambda_layer_version",
      "name": "lambda_layer",
      "provider": "provider[\"registry.terraform.io/hashicorp/aws\"]",
      "instances": [
        {
          "schema_version": 0,
          "attributes": {
            "arn": "arn:aws:lambda:us-east-1:455015786856:layer:aws_lambda_poc_lambda_layer:3",
            "compatible_architectures": null,
            "compatible_runtimes": [
              "python3.8"
            ],
            "created_date": "2022-07-12T13:47:07.549+0000",
            "description": "",
            "filename": "./aws-lambda-poc-modules.zip",
            "id": "arn:aws:lambda:us-east-1:455015786856:layer:aws_lambda_poc_lambda_layer:3",
            "layer_arn": "arn:aws:lambda:us-east-1:455015786856:layer:aws_lambda_poc_lambda_layer",
            "layer_name": "aws_lambda_poc_lambda_layer",
            "license_info": "",
            "s3_bucket": null,
            "s3_key": null,
            "s3_object_version": null,
            "signing_job_arn": "",
            "signing_profile_version_arn": "",
            "skip_destroy": false,
            "source_code_hash": "EM5HhzEfJf1aWY9IMYCiFuLc8k+MKxVESvtB9TtTd8g=",
            "source_code_size": 11884056,
            "version": "3"
          },
          "sensitive_attributes": [],
          "private": "bnVsbA==",
          "dependencies": [
            "data.archive_file.zip_the_python_modules"
          ],
          "create_before_destroy": true
        }
      ]
    },
    {
      "mode": "managed",
      "type": "null_resource",
      "name": "download_python_modules",
      "provider": "provider[\"registry.terraform.io/hashicorp/null\"]",
      "instances": [
        {
          "schema_version": 0,
          "attributes": {
            "id": "8734716190434417774",
            "triggers": null
          },
          "sensitive_attributes": [],
          "private": "bnVsbA==",
          "dependencies": [
            "null_resource.git_clone"
          ],
          "create_before_destroy": true
        }
      ]
    },
    {
      "mode": "managed",
      "type": "null_resource",
      "name": "git_clone",
      "provider": "provider[\"registry.terraform.io/hashicorp/null\"]",
      "instances": [
        {
          "schema_version": 0,
          "attributes": {
            "id": "4706029921152695142",
            "triggers": null
          },
          "sensitive_attributes": [],
          "private": "bnVsbA==",
          "create_before_destroy": true
        }
      ]
    }
  ]
}
